
Microsoft Visual Studio Solution File, Format Version 12.00
# Visual Studio Version 16
VisualStudioVersion = 16.0.31112.23
MinimumVisualStudioVersion = 10.0.40219.1
Project("{FAE04EC0-301F-11D3-BF4B-00C04F79EFBC}") = "senai.hroads.webApi.", "..\senai.hroads.webApi\senai.hroads.webApi\senai.hroads.webApi..csproj", "{C144673C-6804-49B4-B822-0AE4F461B3BE}"
EndProject
Global
	GlobalSection(SolutionConfigurationPlatforms) = preSolution
		Debug|Any CPU = Debug|Any CPU
		Release|Any CPU = Release|Any CPU
	EndGlobalSection
	GlobalSection(ProjectConfigurationPlatforms) = postSolution
		{C144673C-6804-49B4-B822-0AE4F461B3BE}.Debug|Any CPU.ActiveCfg = Debug|Any CPU
		{C144673C-6804-49B4-B822-0AE4F461B3BE}.Debug|Any CPU.Build.0 = Debug|Any CPU
		{C144673C-6804-49B4-B822-0AE4F461B3BE}.Release|Any CPU.ActiveCfg = Release|Any CPU
		{C144673C-6804-49B4-B822-0AE4F461B3BE}.Release|Any CPU.Build.0 = Release|Any CPU
	EndGlobalSection
	GlobalSection(SolutionProperties) = preSolution
		HideSolutionNode = FALSE
	EndGlobalSection
	GlobalSection(ExtensibilityGlobals) = postSolution
		SolutionGuid = {DA459435-42A1-437C-A932-1EE3EBDE4BF4}
	EndGlobalSection
EndGlobal
