
Microsoft Visual Studio Solution File, Format Version 12.00
# Visual Studio Version 16
VisualStudioVersion = 16.0.31112.23
MinimumVisualStudioVersion = 10.0.40219.1
Project("{FAE04EC0-301F-11D3-BF4B-00C04F79EFBC}") = "senai.inlock.webApi.", "..\senai.inlock.webApi\senai.inlock.webApi\senai.inlock.webApi..csproj", "{00DCBC8F-E7A4-444C-9B17-7C5E1E6EFEA0}"
EndProject
Global
	GlobalSection(SolutionConfigurationPlatforms) = preSolution
		Debug|Any CPU = Debug|Any CPU
		Release|Any CPU = Release|Any CPU
	EndGlobalSection
	GlobalSection(ProjectConfigurationPlatforms) = postSolution
		{00DCBC8F-E7A4-444C-9B17-7C5E1E6EFEA0}.Debug|Any CPU.ActiveCfg = Debug|Any CPU
		{00DCBC8F-E7A4-444C-9B17-7C5E1E6EFEA0}.Debug|Any CPU.Build.0 = Debug|Any CPU
		{00DCBC8F-E7A4-444C-9B17-7C5E1E6EFEA0}.Release|Any CPU.ActiveCfg = Release|Any CPU
		{00DCBC8F-E7A4-444C-9B17-7C5E1E6EFEA0}.Release|Any CPU.Build.0 = Release|Any CPU
	EndGlobalSection
	GlobalSection(SolutionProperties) = preSolution
		HideSolutionNode = FALSE
	EndGlobalSection
	GlobalSection(ExtensibilityGlobals) = postSolution
		SolutionGuid = {03BC228E-7DA7-497C-AD2B-2202453EE466}
	EndGlobalSection
EndGlobal
