
Microsoft Visual Studio Solution File, Format Version 12.00
# Visual Studio Version 16
VisualStudioVersion = 16.0.31112.23
MinimumVisualStudioVersion = 10.0.40219.1
Project("{FAE04EC0-301F-11D3-BF4B-00C04F79EFBC}") = "senai_hroads_webApi", "senai_hroads_webApi\senai_hroads_webApi.csproj", "{7BDF1E62-00A3-4E06-BA79-BBEEC4397D30}"
EndProject
Global
	GlobalSection(SolutionConfigurationPlatforms) = preSolution
		Debug|Any CPU = Debug|Any CPU
		Release|Any CPU = Release|Any CPU
	EndGlobalSection
	GlobalSection(ProjectConfigurationPlatforms) = postSolution
		{7BDF1E62-00A3-4E06-BA79-BBEEC4397D30}.Debug|Any CPU.ActiveCfg = Debug|Any CPU
		{7BDF1E62-00A3-4E06-BA79-BBEEC4397D30}.Debug|Any CPU.Build.0 = Debug|Any CPU
		{7BDF1E62-00A3-4E06-BA79-BBEEC4397D30}.Release|Any CPU.ActiveCfg = Release|Any CPU
		{7BDF1E62-00A3-4E06-BA79-BBEEC4397D30}.Release|Any CPU.Build.0 = Release|Any CPU
	EndGlobalSection
	GlobalSection(SolutionProperties) = preSolution
		HideSolutionNode = FALSE
	EndGlobalSection
	GlobalSection(ExtensibilityGlobals) = postSolution
		SolutionGuid = {E329CC47-4E09-4017-A58F-9F36BD602479}
	EndGlobalSection
EndGlobal
