
Microsoft Visual Studio Solution File, Format Version 12.00
# Visual Studio Version 16
VisualStudioVersion = 16.0.31112.23
MinimumVisualStudioVersion = 10.0.40219.1
Project("{FAE04EC0-301F-11D3-BF4B-00C04F79EFBC}") = "senai_hroads_tarde", "senai_hroads_tarde\senai_hroads_tarde.csproj", "{BCAB23B9-B367-4FDD-A58E-00CD01550995}"
EndProject
Global
	GlobalSection(SolutionConfigurationPlatforms) = preSolution
		Debug|Any CPU = Debug|Any CPU
		Release|Any CPU = Release|Any CPU
	EndGlobalSection
	GlobalSection(ProjectConfigurationPlatforms) = postSolution
		{BCAB23B9-B367-4FDD-A58E-00CD01550995}.Debug|Any CPU.ActiveCfg = Debug|Any CPU
		{BCAB23B9-B367-4FDD-A58E-00CD01550995}.Debug|Any CPU.Build.0 = Debug|Any CPU
		{BCAB23B9-B367-4FDD-A58E-00CD01550995}.Release|Any CPU.ActiveCfg = Release|Any CPU
		{BCAB23B9-B367-4FDD-A58E-00CD01550995}.Release|Any CPU.Build.0 = Release|Any CPU
	EndGlobalSection
	GlobalSection(SolutionProperties) = preSolution
		HideSolutionNode = FALSE
	EndGlobalSection
	GlobalSection(ExtensibilityGlobals) = postSolution
		SolutionGuid = {A18E239B-24E9-4DAC-A392-E80890179107}
	EndGlobalSection
EndGlobal
