
Microsoft Visual Studio Solution File, Format Version 12.00
# Visual Studio Version 16
VisualStudioVersion = 16.0.31112.23
MinimumVisualStudioVersion = 10.0.40219.1
Project("{9A19103F-16F7-4668-BE54-9A1E7A4F7556}") = "senai_spMedicalGroup.webApi", "senai_spMedicalGroup_tarde\senai_spMedicalGroup.webApi.csproj", "{A2851040-BF4E-4208-97E8-3D860F5DD1CF}"
EndProject
Global
	GlobalSection(SolutionConfigurationPlatforms) = preSolution
		Debug|Any CPU = Debug|Any CPU
		Release|Any CPU = Release|Any CPU
	EndGlobalSection
	GlobalSection(ProjectConfigurationPlatforms) = postSolution
		{A2851040-BF4E-4208-97E8-3D860F5DD1CF}.Debug|Any CPU.ActiveCfg = Debug|Any CPU
		{A2851040-BF4E-4208-97E8-3D860F5DD1CF}.Debug|Any CPU.Build.0 = Debug|Any CPU
		{A2851040-BF4E-4208-97E8-3D860F5DD1CF}.Release|Any CPU.ActiveCfg = Release|Any CPU
		{A2851040-BF4E-4208-97E8-3D860F5DD1CF}.Release|Any CPU.Build.0 = Release|Any CPU
	EndGlobalSection
	GlobalSection(SolutionProperties) = preSolution
		HideSolutionNode = FALSE
	EndGlobalSection
	GlobalSection(ExtensibilityGlobals) = postSolution
		SolutionGuid = {2B4EB17E-EA25-48A8-89D8-F5B1AFFF2ADC}
	EndGlobalSection
EndGlobal
